github.com/gonum/blas v0.0.0-20181208220705-f22b278b28ac h1:Q0Jsdxl5jbxouNs1TQYt0gxesYMU4VXRbsTlgDloZ50=
github.com/gonum/blas v0.0.0-20181208220705-f22b278b28ac/go.mod h1:P32wAyui1PQ58Oce/KYkOqQv8cVw1zAapXOl+dRFGbc=
github.com/gonum/floats v0.0.0-20181209220543-c233463c7e82 h1:EvokxLQsaaQjcWVWSV38221VAK7qc2zhaO17bKys/18=
github.com/gonum/floats v0.0.0-20181209220543-c233463c7e82/go.mod h1:PxC8OnwL11+aosOB5+iEPoV3picfs8tUpkVd0pDo+Kg=
github.com/gonum/internal v0.0.0-20181124074243-f884aa714029 h1:8jtTdc+Nfj9AR+0soOeia9UZSvYBvETVHZrugUowJ7M=
github.com/gonum/internal v0.0.0-20181124074243-f884aa714029/go.mod h1:Pu4dmpkhSyOzRwuXkOgAvijx4o+4YMUJJo9OvPYMkks=
github.com/pkg/errors v0.9.1 h1:FEBLx1zS214owpjy7qsBeixbURkuhQAwrK5UwLGTwt4=
github.com/pkg/errors v0.9.1/go.mod h1:bwawxfHBFNV+L2hUp1rHADufV3IMtnDRdf1r5NINEl0=
github.com/unixpickle/anydiff v0.0.0-20170906235721-55bea27bf48b h1:U+9s+xufqLStUmodapAc3zkC8El0M/7FOAzObA0Db7w=
github.com/unixpickle/anydiff v0.0.0-20170906235721-55bea27bf48b/go.mod h1:QFdVhTS3Qk4K5mHQ/L6feQLWvDKm5PWaZi/O9+JqBM0=
github.com/unixpickle/anynet v0.0.0-20170909172929-016782221a5a h1:FTMbCFEYoPoXHISWI/GOAI0zEffN6I6pjw2DBtQIoHM=
github.com/unixpickle/anynet v0.0.0-20170909172929-016782221a5a/go.mod h1:NJxKE749HJTJfiRLktBTeAQ9xGnjxyXUp49Td0dyxEg=
github.com/unixpickle/anyvec v0.0.0-20170908190750-59aa66ba0472 h1:eVBSKiY98Zth6cEYVzeu0CYagakYqbSWgpWqjZFiUvI=
github.com/unixpickle/anyvec v0.0.0-20170908190750-59aa66ba0472/go.mod h1:J8/OP49JgyTHn5uKE07cefW2JuFtEdp2qJkdSTIYlxc=
github.com/unixpickle/autofunc v0.0.0-20170112172612-f27a3f82164a h1:ZUrHljv3rPkFyTYzUmBH8gBFjDwCIHc4a2DdPCWRjl0=
github.com/unixpickle/autofunc v0.0.0-20170112172612-f27a3f82164a/go.mod h1:thbdLrlm+2HUBew3vmcoLjnvBChLZJjJ+MI+0fFCGto=
github.com/unixpickle/essentials v1.3.0 h1:H258Z5Uo1pVzFjxD2rwFWzHPN3s0J0jLs5kuxTRSfCs=
github.com/unixpickle/essentials v1.3.0/go.mod h1:dQ1idvqrgrDgub3mfckQm7osVPzT3u9rB6NK/LEhmtQ=
github.com/unixpickle/mnist v0.0.0-20170128023510-751c4271cf3a h1:2YmEYdgEhFLhK7Y1TWyzenOz4dse4vhTH80Ro23R3eU=
github.com/unixpickle/mnist v0.0.0-20170128023510-751c4271cf3a/go.mod h1:+HmZVOcHx9Hrk93jxoOli/FaCP5yb++SGZjb0kUPiJM=
github.com/unixpickle/model3d v0.2.21 h1:6NdATthUG2cBbvmw2gX+9sZZvh8EAKA7/JhTmGJgv5I=
github.com/unixpickle/model3d v0.2.21/go.mod h1:Xu7k4U/wrdq//+bGAo9QrQ3lrRXA+tiV2FAf4TEf6FE=
github.com/unixpickle/num-analysis v0.0.0-20161229165253-c45203c63047 h1:gipJz9DZGU3fgBjoaiNg+5CG9UdE7MmlBvSwNp1ulnY=
github.com/unixpickle/num-analysis v0.0.0-20161229165253-c45203c63047/go.mod h1:H8cj39+jSz2FWTCFLirQnioHeIp6/dpu0f9Vtn2LYas=
github.com/unixpickle/serializer v0.0.0-20170723202158-c6c092dc55bb h1:kdurEYFZ2P58xnfWtmxKWkVtFPyK80BMIaJ2zW5uskY=
github.com/unixpickle/serializer v0.0.0-20170723202158-c6c092dc55bb/go.mod h1:qhvhyFrwgTvmd19zCKjQTh8z7Doo5/nkt8EkDbR3pfQ=
github.com/unixpickle/sgd v0.0.0-20161225162810-0e3d4c9d317b h1:lzF94fjs3JzAzJyCY05DaLEkBvB1NS6HMklsPrV0TNw=
github.com/unixpickle/sgd v0.0.0-20161225162810-0e3d4c9d317b/go.mod h1:NAkFWJzZJ76FRVLIPJRLbsg4NDiQztqGRWSH6+dy/c8=
github.com/unixpickle/splaytree v0.0.0-20160517015709-ba216b293df0 h1:vf24zG+kzuiwC/Y8I4MeIl0C0StIiBAmFPsnpv/BtuA=
github.com/unixpickle/splaytree v0.0.0-20160517015709-ba216b293df0/go.mod h1:GaKWGsPs4eeIaQbzcYyytkXTrMTczow7bvvBlQSKX1c=
github.com/unixpickle/tensor v0.0.0-20170114180418-7295881ed12b h1:7/2IxaumaEYEhh+dUhmflBsF7qOGnuEIjZITRKGpfgQ=
github.com/unixpickle/tensor v0.0.0-20170114180418-7295881ed12b/go.mod h1:XVqlUHi0QCcLz2VwugmQ5CvzsP6Y1qAjDUXJw8HbCI0=
github.com/unixpickle/weakai v0.0.0-20170623211141-247102c87396 h1:CFkErmVS3DgtS/9sOvTIWy3a1f+2XiCVdYJzu4Ib5ok=
github.com/unixpickle/weakai v0.0.0-20170623211141-247102c87396/go.mod h1:Ld234/Ojvp1zf+aYkXXmj9/6dhuVu7uDDfb6kNIr6/s=
